
Microsoft Visual Studio Solution File, Format Version 12.00
# Visual Studio Version 17
VisualStudioVersion = 17.0.31903.59
MinimumVisualStudioVersion = 10.0.40219.1
Project("{2150E333-8FDC-42A3-9474-1A3956D46DE8}") = "src", "src", "{827E0CD3-B72D-47B6-A68D-7590B98EB39B}"
EndProject
Project("{2150E333-8FDC-42A3-9474-1A3956D46DE8}") = "BuildingBlocks", "BuildingBlocks", "{90298CBA-BD6F-3A0A-69D5-97CAD7B05E7E}"
EndProject
Project("{FAE04EC0-301F-11D3-BF4B-00C04F79EFBC}") = "Wms.BuildingBlocks.Domain", "src\BuildingBlocks\Wms.BuildingBlocks.Domain\Wms.BuildingBlocks.Domain.csproj", "{12B0CD57-88AF-4B38-BB90-652F05B20738}"
EndProject
Project("{FAE04EC0-301F-11D3-BF4B-00C04F79EFBC}") = "Wms.BuildingBlocks.Application", "src\BuildingBlocks\Wms.BuildingBlocks.Application\Wms.BuildingBlocks.Application.csproj", "{06B8148A-212B-46F8-ADB5-948240B05871}"
EndProject
Project("{FAE04EC0-301F-11D3-BF4B-00C04F79EFBC}") = "Wms.BuildingBlocks.Infrastructure", "src\BuildingBlocks\Wms.BuildingBlocks.Infrastructure\Wms.BuildingBlocks.Infrastructure.csproj", "{8E3F4689-F791-47BB-8363-7103C4F21ADD}"
EndProject
Project("{FAE04EC0-301F-11D3-BF4B-00C04F79EFBC}") = "Wms.BuildingBlocks.Web", "src\BuildingBlocks\Wms.BuildingBlocks.Web\Wms.BuildingBlocks.Web.csproj", "{B0DDC98E-478E-4293-826A-FD97EB523E08}"
EndProject
Project("{2150E333-8FDC-42A3-9474-1A3956D46DE8}") = "Platform", "Platform", "{4DF80442-A1E5-CC28-AE7B-27B5F9BFE52B}"
EndProject
Project("{FAE04EC0-301F-11D3-BF4B-00C04F79EFBC}") = "Wms.Platform.Hosting", "src\Platform\Wms.Platform.Hosting\Wms.Platform.Hosting.csproj", "{9AF716DD-5E32-40B5-A7A9-7710065E6335}"
EndProject
Project("{FAE04EC0-301F-11D3-BF4B-00C04F79EFBC}") = "Wms.Platform.Local", "src\Platform\Wms.Platform.Local\Wms.Platform.Local.csproj", "{CD2FD2C8-7CC2-40CE-BDF1-3929F905C1B2}"
EndProject
Project("{2150E333-8FDC-42A3-9474-1A3956D46DE8}") = "AppHost", "AppHost", "{63882A7C-90E5-DEE3-63BB-E6ABDBC8A365}"
EndProject
Project("{FAE04EC0-301F-11D3-BF4B-00C04F79EFBC}") = "Wms.AppHost", "src\AppHost\Wms.AppHost\Wms.AppHost.csproj", "{EDA68359-5949-4630-BBE2-4FED97EC0E8F}"
EndProject
Project("{2150E333-8FDC-42A3-9474-1A3956D46DE8}") = "tests", "tests", "{0AB3BF05-4346-4AA6-1389-037BE0695223}"
EndProject
Project("{FAE04EC0-301F-11D3-BF4B-00C04F79EFBC}") = "Wms.Architecture.Tests", "tests\Wms.Architecture.Tests\Wms.Architecture.Tests.csproj", "{289B5B74-5E74-42CF-82E0-BD939C7D78F0}"
EndProject
Project("{2150E333-8FDC-42A3-9474-1A3956D46DE8}") = "BuildingBlocks", "BuildingBlocks", "{AD3136F1-6676-2AF3-8A96-F3C6585F1CB9}"
EndProject
Project("{FAE04EC0-301F-11D3-BF4B-00C04F79EFBC}") = "Wms.BuildingBlocks.Domain.UnitTests", "tests\BuildingBlocks\Wms.BuildingBlocks.Domain.UnitTests\Wms.BuildingBlocks.Domain.UnitTests.csproj", "{8E14C795-7854-44E1-9681-C6363736BA5D}"
EndProject
Project("{FAE04EC0-301F-11D3-BF4B-00C04F79EFBC}") = "Wms.BuildingBlocks.Application.UnitTests", "tests\BuildingBlocks\Wms.BuildingBlocks.Application.UnitTests\Wms.BuildingBlocks.Application.UnitTests.csproj", "{ABBF168F-79A1-4333-8057-58424800A7EF}"
EndProject
Project("{FAE04EC0-301F-11D3-BF4B-00C04F79EFBC}") = "Wms.BuildingBlocks.Infrastructure.IntegrationTests", "tests\BuildingBlocks\Wms.BuildingBlocks.Infrastructure.IntegrationTests\Wms.BuildingBlocks.Infrastructure.IntegrationTests.csproj", "{4683679E-46CC-4E77-8DD9-309DD13E893D}"
EndProject
Project("{FAE04EC0-301F-11D3-BF4B-00C04F79EFBC}") = "Wms.BuildingBlocks.Web.Tests", "tests\BuildingBlocks\Wms.BuildingBlocks.Web.Tests\Wms.BuildingBlocks.Web.Tests.csproj", "{AE3EFDE4-4D9B-4E3A-8031-682E79CB766B}"
EndProject
Project("{2150E333-8FDC-42A3-9474-1A3956D46DE8}") = "Platform", "Platform", "{0BBE7088-7CBC-971A-0DFF-8D023E1EA1B7}"
EndProject
Project("{FAE04EC0-301F-11D3-BF4B-00C04F79EFBC}") = "Wms.Platform.Hosting.Tests", "tests\Platform\Wms.Platform.Hosting.Tests\Wms.Platform.Hosting.Tests.csproj", "{07CC6B1A-B7F0-4B38-AA62-F0403F36D261}"
EndProject
Project("{FAE04EC0-301F-11D3-BF4B-00C04F79EFBC}") = "Wms.Platform.Local.IntegrationTests", "tests\Platform\Wms.Platform.Local.IntegrationTests\Wms.Platform.Local.IntegrationTests.csproj", "{4DB5C8BD-DAE4-48D5-A694-4074252A2A20}"
EndProject
Project("{2150E333-8FDC-42A3-9474-1A3956D46DE8}") = "Tools", "Tools", "{DCB6FCB8-FF92-AC57-0842-1F72A354D6B1}"
EndProject
Project("{FAE04EC0-301F-11D3-BF4B-00C04F79EFBC}") = "Wms.MigrationRunner", "src\Tools\Wms.MigrationRunner\Wms.MigrationRunner.csproj", "{C2715793-6BC1-4E84-B18A-C9AFE80AB2A8}"
EndProject
Project("{2150E333-8FDC-42A3-9474-1A3956D46DE8}") = "Modules", "Modules", "{EC447DCF-ABFA-6E24-52A5-D7FD48A5C558}"
EndProject
Project("{2150E333-8FDC-42A3-9474-1A3956D46DE8}") = "Inbound", "Inbound", "{02D216FA-6726-7BFF-78B2-9748449FB8B0}"
EndProject
Project("{FAE04EC0-301F-11D3-BF4B-00C04F79EFBC}") = "Wms.Inbound.Contracts", "src\Modules\Inbound\Wms.Inbound.Contracts\Wms.Inbound.Contracts.csproj", "{6F84EECB-6CA5-449D-8E93-7006683563E2}"
EndProject
Project("{2150E333-8FDC-42A3-9474-1A3956D46DE8}") = "Inventory", "Inventory", "{18C073E0-6CB1-4693-3636-BFEE619A6192}"
EndProject
Project("{FAE04EC0-301F-11D3-BF4B-00C04F79EFBC}") = "Wms.Inventory.Contracts", "src\Modules\Inventory\Wms.Inventory.Contracts\Wms.Inventory.Contracts.csproj", "{30F4B4FF-E13B-41E0-8A08-1EDD3D0E5A11}"
EndProject
Project("{2150E333-8FDC-42A3-9474-1A3956D46DE8}") = "Outbound", "Outbound", "{A7AEB7AB-BB7A-943E-14BF-27E7782511F4}"
EndProject
Project("{FAE04EC0-301F-11D3-BF4B-00C04F79EFBC}") = "Wms.Outbound.Contracts", "src\Modules\Outbound\Wms.Outbound.Contracts\Wms.Outbound.Contracts.csproj", "{84FF0A3A-6EB4-480B-98E7-299099E43597}"
EndProject
Project("{2150E333-8FDC-42A3-9474-1A3956D46DE8}") = "Modules", "Modules", "{D7DC9B74-6BC4-2470-2038-1E57C2DCB73B}"
EndProject
Project("{FAE04EC0-301F-11D3-BF4B-00C04F79EFBC}") = "Wms.Contracts.Tests", "tests\Modules\Contracts\Wms.Contracts.Tests\Wms.Contracts.Tests.csproj", "{EBBA6F10-A361-4D5A-BEB1-C94F16A75C0F}"
EndProject
Project("{FAE04EC0-301F-11D3-BF4B-00C04F79EFBC}") = "Wms.Inbound.Domain", "src\Modules\Inbound\Wms.Inbound.Domain\Wms.Inbound.Domain.csproj", "{358EFCBC-7347-424C-B631-7B229B14BFBA}"
EndProject
Project("{2150E333-8FDC-42A3-9474-1A3956D46DE8}") = "Inbound", "Inbound", "{1520C2A3-5E99-CAA8-BF2C-EF2D430EFE7E}"
EndProject
Project("{FAE04EC0-301F-11D3-BF4B-00C04F79EFBC}") = "Wms.Inbound.Domain.UnitTests", "tests\Modules\Inbound\Wms.Inbound.Domain.UnitTests\Wms.Inbound.Domain.UnitTests.csproj", "{09741F21-D538-4C0E-A589-6998D1696095}"
EndProject
Project("{FAE04EC0-301F-11D3-BF4B-00C04F79EFBC}") = "Wms.Inbound.Application", "src\Modules\Inbound\Wms.Inbound.Application\Wms.Inbound.Application.csproj", "{979A14BC-2DBA-414D-A3E1-7FB603FC7A48}"
EndProject
Project("{FAE04EC0-301F-11D3-BF4B-00C04F79EFBC}") = "Wms.Inbound.Infrastructure", "src\Modules\Inbound\Wms.Inbound.Infrastructure\Wms.Inbound.Infrastructure.csproj", "{7C2D4D65-805E-473C-ABEB-2DEF40B7D6FF}"
EndProject
Project("{FAE04EC0-301F-11D3-BF4B-00C04F79EFBC}") = "Wms.Inbound.Api", "src\Modules\Inbound\Wms.Inbound.Api\Wms.Inbound.Api.csproj", "{62EAA838-BBEE-4A79-B542-0B0645787636}"
EndProject
Project("{FAE04EC0-301F-11D3-BF4B-00C04F79EFBC}") = "Wms.Inbound.IntegrationTests", "tests\Modules\Inbound\Wms.Inbound.IntegrationTests\Wms.Inbound.IntegrationTests.csproj", "{AD2C5BC3-6B88-4402-8409-7E1E06AE6580}"
EndProject
Project("{FAE04EC0-301F-11D3-BF4B-00C04F79EFBC}") = "Wms.Inventory.Domain", "src\Modules\Inventory\Wms.Inventory.Domain\Wms.Inventory.Domain.csproj", "{CFD07D35-1C99-4B3D-AC7C-A501029BE795}"
EndProject
Project("{2150E333-8FDC-42A3-9474-1A3956D46DE8}") = "Inventory", "Inventory", "{9B664C3C-0C46-8BCE-F820-11B84049BC29}"
EndProject
Project("{FAE04EC0-301F-11D3-BF4B-00C04F79EFBC}") = "Wms.Inventory.Domain.UnitTests", "tests\Modules\Inventory\Wms.Inventory.Domain.UnitTests\Wms.Inventory.Domain.UnitTests.csproj", "{ED577BA6-020B-4670-A37F-7178D2AF83C0}"
EndProject
Project("{FAE04EC0-301F-11D3-BF4B-00C04F79EFBC}") = "Wms.Inventory.Application", "src\Modules\Inventory\Wms.Inventory.Application\Wms.Inventory.Application.csproj", "{42AFD4AF-236E-452E-8F32-1F75EFFF9452}"
EndProject
Project("{FAE04EC0-301F-11D3-BF4B-00C04F79EFBC}") = "Wms.Inventory.Infrastructure", "src\Modules\Inventory\Wms.Inventory.Infrastructure\Wms.Inventory.Infrastructure.csproj", "{C847AAD6-2EBF-4B30-AD16-A0598F81BE49}"
EndProject
Project("{FAE04EC0-301F-11D3-BF4B-00C04F79EFBC}") = "Wms.Inventory.Api", "src\Modules\Inventory\Wms.Inventory.Api\Wms.Inventory.Api.csproj", "{E428F4D0-5E2C-4361-9829-684C91B0C088}"
EndProject
Project("{FAE04EC0-301F-11D3-BF4B-00C04F79EFBC}") = "Wms.Inventory.IntegrationTests", "tests\Modules\Inventory\Wms.Inventory.IntegrationTests\Wms.Inventory.IntegrationTests.csproj", "{F3FAD9E2-FA5D-4BB2-8EA9-15E2138008F6}"
EndProject
Project("{FAE04EC0-301F-11D3-BF4B-00C04F79EFBC}") = "Wms.Outbound.Domain", "src\Modules\Outbound\Wms.Outbound.Domain\Wms.Outbound.Domain.csproj", "{08D11576-DD88-4ED5-BBFC-AAB987F0560F}"
EndProject
Project("{2150E333-8FDC-42A3-9474-1A3956D46DE8}") = "Outbound", "Outbound", "{EE06B058-82DC-D17A-47C3-203396249430}"
EndProject
Project("{FAE04EC0-301F-11D3-BF4B-00C04F79EFBC}") = "Wms.Outbound.Domain.UnitTests", "tests\Modules\Outbound\Wms.Outbound.Domain.UnitTests\Wms.Outbound.Domain.UnitTests.csproj", "{D33835FB-5853-4D91-A5B2-000EE2499A48}"
EndProject
Project("{FAE04EC0-301F-11D3-BF4B-00C04F79EFBC}") = "Wms.Outbound.Application", "src\Modules\Outbound\Wms.Outbound.Application\Wms.Outbound.Application.csproj", "{1819F25D-3165-456F-91F9-D8F0B79C48ED}"
EndProject
Project("{FAE04EC0-301F-11D3-BF4B-00C04F79EFBC}") = "Wms.Outbound.Infrastructure", "src\Modules\Outbound\Wms.Outbound.Infrastructure\Wms.Outbound.Infrastructure.csproj", "{6ED0BEB8-DFCB-4367-8B93-A1CAF6CB13BA}"
EndProject
Project("{FAE04EC0-301F-11D3-BF4B-00C04F79EFBC}") = "Wms.Outbound.Api", "src\Modules\Outbound\Wms.Outbound.Api\Wms.Outbound.Api.csproj", "{43F32029-5E3D-4081-B7CE-ABA7F56BA792}"
EndProject
Project("{FAE04EC0-301F-11D3-BF4B-00C04F79EFBC}") = "Wms.Outbound.IntegrationTests", "tests\Modules\Outbound\Wms.Outbound.IntegrationTests\Wms.Outbound.IntegrationTests.csproj", "{2D356984-F774-4617-BCD1-2B7602743E51}"
EndProject
Global
	GlobalSection(SolutionConfigurationPlatforms) = preSolution
		Debug|Any CPU = Debug|Any CPU
		Debug|x64 = Debug|x64
		Debug|x86 = Debug|x86
		Release|Any CPU = Release|Any CPU
		Release|x64 = Release|x64
		Release|x86 = Release|x86
	EndGlobalSection
	GlobalSection(ProjectConfigurationPlatforms) = postSolution
		{12B0CD57-88AF-4B38-BB90-652F05B20738}.Debug|Any CPU.ActiveCfg = Debug|Any CPU
		{12B0CD57-88AF-4B38-BB90-652F05B20738}.Debug|Any CPU.Build.0 = Debug|Any CPU
		{12B0CD57-88AF-4B38-BB90-652F05B20738}.Debug|x64.ActiveCfg = Debug|Any CPU
		{12B0CD57-88AF-4B38-BB90-652F05B20738}.Debug|x64.Build.0 = Debug|Any CPU
		{12B0CD57-88AF-4B38-BB90-652F05B20738}.Debug|x86.ActiveCfg = Debug|Any CPU
		{12B0CD57-88AF-4B38-BB90-652F05B20738}.Debug|x86.Build.0 = Debug|Any CPU
		{12B0CD57-88AF-4B38-BB90-652F05B20738}.Release|Any CPU.ActiveCfg = Release|Any CPU
		{12B0CD57-88AF-4B38-BB90-652F05B20738}.Release|Any CPU.Build.0 = Release|Any CPU
		{12B0CD57-88AF-4B38-BB90-652F05B20738}.Release|x64.ActiveCfg = Release|Any CPU
		{12B0CD57-88AF-4B38-BB90-652F05B20738}.Release|x64.Build.0 = Release|Any CPU
		{12B0CD57-88AF-4B38-BB90-652F05B20738}.Release|x86.ActiveCfg = Release|Any CPU
		{12B0CD57-88AF-4B38-BB90-652F05B20738}.Release|x86.Build.0 = Release|Any CPU
		{06B8148A-212B-46F8-ADB5-948240B05871}.Debug|Any CPU.ActiveCfg = Debug|Any CPU
		{06B8148A-212B-46F8-ADB5-948240B05871}.Debug|Any CPU.Build.0 = Debug|Any CPU
		{06B8148A-212B-46F8-ADB5-948240B05871}.Debug|x64.ActiveCfg = Debug|Any CPU
		{06B8148A-212B-46F8-ADB5-948240B05871}.Debug|x64.Build.0 = Debug|Any CPU
		{06B8148A-212B-46F8-ADB5-948240B05871}.Debug|x86.ActiveCfg = Debug|Any CPU
		{06B8148A-212B-46F8-ADB5-948240B05871}.Debug|x86.Build.0 = Debug|Any CPU
		{06B8148A-212B-46F8-ADB5-948240B05871}.Release|Any CPU.ActiveCfg = Release|Any CPU
		{06B8148A-212B-46F8-ADB5-948240B05871}.Release|Any CPU.Build.0 = Release|Any CPU
		{06B8148A-212B-46F8-ADB5-948240B05871}.Release|x64.ActiveCfg = Release|Any CPU
		{06B8148A-212B-46F8-ADB5-948240B05871}.Release|x64.Build.0 = Release|Any CPU
		{06B8148A-212B-46F8-ADB5-948240B05871}.Release|x86.ActiveCfg = Release|Any CPU
		{06B8148A-212B-46F8-ADB5-948240B05871}.Release|x86.Build.0 = Release|Any CPU
		{8E3F4689-F791-47BB-8363-7103C4F21ADD}.Debug|Any CPU.ActiveCfg = Debug|Any CPU
		{8E3F4689-F791-47BB-8363-7103C4F21ADD}.Debug|Any CPU.Build.0 = Debug|Any CPU
		{8E3F4689-F791-47BB-8363-7103C4F21ADD}.Debug|x64.ActiveCfg = Debug|Any CPU
		{8E3F4689-F791-47BB-8363-7103C4F21ADD}.Debug|x64.Build.0 = Debug|Any CPU
		{8E3F4689-F791-47BB-8363-7103C4F21ADD}.Debug|x86.ActiveCfg = Debug|Any CPU
		{8E3F4689-F791-47BB-8363-7103C4F21ADD}.Debug|x86.Build.0 = Debug|Any CPU
		{8E3F4689-F791-47BB-8363-7103C4F21ADD}.Release|Any CPU.ActiveCfg = Release|Any CPU
		{8E3F4689-F791-47BB-8363-7103C4F21ADD}.Release|Any CPU.Build.0 = Release|Any CPU
		{8E3F4689-F791-47BB-8363-7103C4F21ADD}.Release|x64.ActiveCfg = Release|Any CPU
		{8E3F4689-F791-47BB-8363-7103C4F21ADD}.Release|x64.Build.0 = Release|Any CPU
		{8E3F4689-F791-47BB-8363-7103C4F21ADD}.Release|x86.ActiveCfg = Release|Any CPU
		{8E3F4689-F791-47BB-8363-7103C4F21ADD}.Release|x86.Build.0 = Release|Any CPU
		{B0DDC98E-478E-4293-826A-FD97EB523E08}.Debug|Any CPU.ActiveCfg = Debug|Any CPU
		{B0DDC98E-478E-4293-826A-FD97EB523E08}.Debug|Any CPU.Build.0 = Debug|Any CPU
		{B0DDC98E-478E-4293-826A-FD97EB523E08}.Debug|x64.ActiveCfg = Debug|Any CPU
		{B0DDC98E-478E-4293-826A-FD97EB523E08}.Debug|x64.Build.0 = Debug|Any CPU
		{B0DDC98E-478E-4293-826A-FD97EB523E08}.Debug|x86.ActiveCfg = Debug|Any CPU
		{B0DDC98E-478E-4293-826A-FD97EB523E08}.Debug|x86.Build.0 = Debug|Any CPU
		{B0DDC98E-478E-4293-826A-FD97EB523E08}.Release|Any CPU.ActiveCfg = Release|Any CPU
		{B0DDC98E-478E-4293-826A-FD97EB523E08}.Release|Any CPU.Build.0 = Release|Any CPU
		{B0DDC98E-478E-4293-826A-FD97EB523E08}.Release|x64.ActiveCfg = Release|Any CPU
		{B0DDC98E-478E-4293-826A-FD97EB523E08}.Release|x64.Build.0 = Release|Any CPU
		{B0DDC98E-478E-4293-826A-FD97EB523E08}.Release|x86.ActiveCfg = Release|Any CPU
		{B0DDC98E-478E-4293-826A-FD97EB523E08}.Release|x86.Build.0 = Release|Any CPU
		{9AF716DD-5E32-40B5-A7A9-7710065E6335}.Debug|Any CPU.ActiveCfg = Debug|Any CPU
		{9AF716DD-5E32-40B5-A7A9-7710065E6335}.Debug|Any CPU.Build.0 = Debug|Any CPU
		{9AF716DD-5E32-40B5-A7A9-7710065E6335}.Debug|x64.ActiveCfg = Debug|Any CPU
		{9AF716DD-5E32-40B5-A7A9-7710065E6335}.Debug|x64.Build.0 = Debug|Any CPU
		{9AF716DD-5E32-40B5-A7A9-7710065E6335}.Debug|x86.ActiveCfg = Debug|Any CPU
		{9AF716DD-5E32-40B5-A7A9-7710065E6335}.Debug|x86.Build.0 = Debug|Any CPU
		{9AF716DD-5E32-40B5-A7A9-7710065E6335}.Release|Any CPU.ActiveCfg = Release|Any CPU
		{9AF716DD-5E32-40B5-A7A9-7710065E6335}.Release|Any CPU.Build.0 = Release|Any CPU
		{9AF716DD-5E32-40B5-A7A9-7710065E6335}.Release|x64.ActiveCfg = Release|Any CPU
		{9AF716DD-5E32-40B5-A7A9-7710065E6335}.Release|x64.Build.0 = Release|Any CPU
		{9AF716DD-5E32-40B5-A7A9-7710065E6335}.Release|x86.ActiveCfg = Release|Any CPU
		{9AF716DD-5E32-40B5-A7A9-7710065E6335}.Release|x86.Build.0 = Release|Any CPU
		{CD2FD2C8-7CC2-40CE-BDF1-3929F905C1B2}.Debug|Any CPU.ActiveCfg = Debug|Any CPU
		{CD2FD2C8-7CC2-40CE-BDF1-3929F905C1B2}.Debug|Any CPU.Build.0 = Debug|Any CPU
		{CD2FD2C8-7CC2-40CE-BDF1-3929F905C1B2}.Debug|x64.ActiveCfg = Debug|Any CPU
		{CD2FD2C8-7CC2-40CE-BDF1-3929F905C1B2}.Debug|x64.Build.0 = Debug|Any CPU
		{CD2FD2C8-7CC2-40CE-BDF1-3929F905C1B2}.Debug|x86.ActiveCfg = Debug|Any CPU
		{CD2FD2C8-7CC2-40CE-BDF1-3929F905C1B2}.Debug|x86.Build.0 = Debug|Any CPU
		{CD2FD2C8-7CC2-40CE-BDF1-3929F905C1B2}.Release|Any CPU.ActiveCfg = Release|Any CPU
		{CD2FD2C8-7CC2-40CE-BDF1-3929F905C1B2}.Release|Any CPU.Build.0 = Release|Any CPU
		{CD2FD2C8-7CC2-40CE-BDF1-3929F905C1B2}.Release|x64.ActiveCfg = Release|Any CPU
		{CD2FD2C8-7CC2-40CE-BDF1-3929F905C1B2}.Release|x64.Build.0 = Release|Any CPU
		{CD2FD2C8-7CC2-40CE-BDF1-3929F905C1B2}.Release|x86.ActiveCfg = Release|Any CPU
		{CD2FD2C8-7CC2-40CE-BDF1-3929F905C1B2}.Release|x86.Build.0 = Release|Any CPU
		{EDA68359-5949-4630-BBE2-4FED97EC0E8F}.Debug|Any CPU.ActiveCfg = Debug|Any CPU
		{EDA68359-5949-4630-BBE2-4FED97EC0E8F}.Debug|Any CPU.Build.0 = Debug|Any CPU
		{EDA68359-5949-4630-BBE2-4FED97EC0E8F}.Debug|x64.ActiveCfg = Debug|Any CPU
		{EDA68359-5949-4630-BBE2-4FED97EC0E8F}.Debug|x64.Build.0 = Debug|Any CPU
		{EDA68359-5949-4630-BBE2-4FED97EC0E8F}.Debug|x86.ActiveCfg = Debug|Any CPU
		{EDA68359-5949-4630-BBE2-4FED97EC0E8F}.Debug|x86.Build.0 = Debug|Any CPU
		{EDA68359-5949-4630-BBE2-4FED97EC0E8F}.Release|Any CPU.ActiveCfg = Release|Any CPU
		{EDA68359-5949-4630-BBE2-4FED97EC0E8F}.Release|Any CPU.Build.0 = Release|Any CPU
		{EDA68359-5949-4630-BBE2-4FED97EC0E8F}.Release|x64.ActiveCfg = Release|Any CPU
		{EDA68359-5949-4630-BBE2-4FED97EC0E8F}.Release|x64.Build.0 = Release|Any CPU
		{EDA68359-5949-4630-BBE2-4FED97EC0E8F}.Release|x86.ActiveCfg = Release|Any CPU
		{EDA68359-5949-4630-BBE2-4FED97EC0E8F}.Release|x86.Build.0 = Release|Any CPU
		{289B5B74-5E74-42CF-82E0-BD939C7D78F0}.Debug|Any CPU.ActiveCfg = Debug|Any CPU
		{289B5B74-5E74-42CF-82E0-BD939C7D78F0}.Debug|Any CPU.Build.0 = Debug|Any CPU
		{289B5B74-5E74-42CF-82E0-BD939C7D78F0}.Debug|x64.ActiveCfg = Debug|Any CPU
		{289B5B74-5E74-42CF-82E0-BD939C7D78F0}.Debug|x64.Build.0 = Debug|Any CPU
		{289B5B74-5E74-42CF-82E0-BD939C7D78F0}.Debug|x86.ActiveCfg = Debug|Any CPU
		{289B5B74-5E74-42CF-82E0-BD939C7D78F0}.Debug|x86.Build.0 = Debug|Any CPU
		{289B5B74-5E74-42CF-82E0-BD939C7D78F0}.Release|Any CPU.ActiveCfg = Release|Any CPU
		{289B5B74-5E74-42CF-82E0-BD939C7D78F0}.Release|Any CPU.Build.0 = Release|Any CPU
		{289B5B74-5E74-42CF-82E0-BD939C7D78F0}.Release|x64.ActiveCfg = Release|Any CPU
		{289B5B74-5E74-42CF-82E0-BD939C7D78F0}.Release|x64.Build.0 = Release|Any CPU
		{289B5B74-5E74-42CF-82E0-BD939C7D78F0}.Release|x86.ActiveCfg = Release|Any CPU
		{289B5B74-5E74-42CF-82E0-BD939C7D78F0}.Release|x86.Build.0 = Release|Any CPU
		{8E14C795-7854-44E1-9681-C6363736BA5D}.Debug|Any CPU.ActiveCfg = Debug|Any CPU
		{8E14C795-7854-44E1-9681-C6363736BA5D}.Debug|Any CPU.Build.0 = Debug|Any CPU
		{8E14C795-7854-44E1-9681-C6363736BA5D}.Debug|x64.ActiveCfg = Debug|Any CPU
		{8E14C795-7854-44E1-9681-C6363736BA5D}.Debug|x64.Build.0 = Debug|Any CPU
		{8E14C795-7854-44E1-9681-C6363736BA5D}.Debug|x86.ActiveCfg = Debug|Any CPU
		{8E14C795-7854-44E1-9681-C6363736BA5D}.Debug|x86.Build.0 = Debug|Any CPU
		{8E14C795-7854-44E1-9681-C6363736BA5D}.Release|Any CPU.ActiveCfg = Release|Any CPU
		{8E14C795-7854-44E1-9681-C6363736BA5D}.Release|Any CPU.Build.0 = Release|Any CPU
		{8E14C795-7854-44E1-9681-C6363736BA5D}.Release|x64.ActiveCfg = Release|Any CPU
		{8E14C795-7854-44E1-9681-C6363736BA5D}.Release|x64.Build.0 = Release|Any CPU
		{8E14C795-7854-44E1-9681-C6363736BA5D}.Release|x86.ActiveCfg = Release|Any CPU
		{8E14C795-7854-44E1-9681-C6363736BA5D}.Release|x86.Build.0 = Release|Any CPU
		{ABBF168F-79A1-4333-8057-58424800A7EF}.Debug|Any CPU.ActiveCfg = Debug|Any CPU
		{ABBF168F-79A1-4333-8057-58424800A7EF}.Debug|Any CPU.Build.0 = Debug|Any CPU
		{ABBF168F-79A1-4333-8057-58424800A7EF}.Debug|x64.ActiveCfg = Debug|Any CPU
		{ABBF168F-79A1-4333-8057-58424800A7EF}.Debug|x64.Build.0 = Debug|Any CPU
		{ABBF168F-79A1-4333-8057-58424800A7EF}.Debug|x86.ActiveCfg = Debug|Any CPU
		{ABBF168F-79A1-4333-8057-58424800A7EF}.Debug|x86.Build.0 = Debug|Any CPU
		{ABBF168F-79A1-4333-8057-58424800A7EF}.Release|Any CPU.ActiveCfg = Release|Any CPU
		{ABBF168F-79A1-4333-8057-58424800A7EF}.Release|Any CPU.Build.0 = Release|Any CPU
		{ABBF168F-79A1-4333-8057-58424800A7EF}.Release|x64.ActiveCfg = Release|Any CPU
		{ABBF168F-79A1-4333-8057-58424800A7EF}.Release|x64.Build.0 = Release|Any CPU
		{ABBF168F-79A1-4333-8057-58424800A7EF}.Release|x86.ActiveCfg = Release|Any CPU
		{ABBF168F-79A1-4333-8057-58424800A7EF}.Release|x86.Build.0 = Release|Any CPU
		{4683679E-46CC-4E77-8DD9-309DD13E893D}.Debug|Any CPU.ActiveCfg = Debug|Any CPU
		{4683679E-46CC-4E77-8DD9-309DD13E893D}.Debug|Any CPU.Build.0 = Debug|Any CPU
		{4683679E-46CC-4E77-8DD9-309DD13E893D}.Debug|x64.ActiveCfg = Debug|Any CPU
		{4683679E-46CC-4E77-8DD9-309DD13E893D}.Debug|x64.Build.0 = Debug|Any CPU
		{4683679E-46CC-4E77-8DD9-309DD13E893D}.Debug|x86.ActiveCfg = Debug|Any CPU
		{4683679E-46CC-4E77-8DD9-309DD13E893D}.Debug|x86.Build.0 = Debug|Any CPU
		{4683679E-46CC-4E77-8DD9-309DD13E893D}.Release|Any CPU.ActiveCfg = Release|Any CPU
		{4683679E-46CC-4E77-8DD9-309DD13E893D}.Release|Any CPU.Build.0 = Release|Any CPU
		{4683679E-46CC-4E77-8DD9-309DD13E893D}.Release|x64.ActiveCfg = Release|Any CPU
		{4683679E-46CC-4E77-8DD9-309DD13E893D}.Release|x64.Build.0 = Release|Any CPU
		{4683679E-46CC-4E77-8DD9-309DD13E893D}.Release|x86.ActiveCfg = Release|Any CPU
		{4683679E-46CC-4E77-8DD9-309DD13E893D}.Release|x86.Build.0 = Release|Any CPU
		{AE3EFDE4-4D9B-4E3A-8031-682E79CB766B}.Debug|Any CPU.ActiveCfg = Debug|Any CPU
		{AE3EFDE4-4D9B-4E3A-8031-682E79CB766B}.Debug|Any CPU.Build.0 = Debug|Any CPU
		{AE3EFDE4-4D9B-4E3A-8031-682E79CB766B}.Debug|x64.ActiveCfg = Debug|Any CPU
		{AE3EFDE4-4D9B-4E3A-8031-682E79CB766B}.Debug|x64.Build.0 = Debug|Any CPU
		{AE3EFDE4-4D9B-4E3A-8031-682E79CB766B}.Debug|x86.ActiveCfg = Debug|Any CPU
		{AE3EFDE4-4D9B-4E3A-8031-682E79CB766B}.Debug|x86.Build.0 = Debug|Any CPU
		{AE3EFDE4-4D9B-4E3A-8031-682E79CB766B}.Release|Any CPU.ActiveCfg = Release|Any CPU
		{AE3EFDE4-4D9B-4E3A-8031-682E79CB766B}.Release|Any CPU.Build.0 = Release|Any CPU
		{AE3EFDE4-4D9B-4E3A-8031-682E79CB766B}.Release|x64.ActiveCfg = Release|Any CPU
		{AE3EFDE4-4D9B-4E3A-8031-682E79CB766B}.Release|x64.Build.0 = Release|Any CPU
		{AE3EFDE4-4D9B-4E3A-8031-682E79CB766B}.Release|x86.ActiveCfg = Release|Any CPU
		{AE3EFDE4-4D9B-4E3A-8031-682E79CB766B}.Release|x86.Build.0 = Release|Any CPU
		{07CC6B1A-B7F0-4B38-AA62-F0403F36D261}.Debug|Any CPU.ActiveCfg = Debug|Any CPU
		{07CC6B1A-B7F0-4B38-AA62-F0403F36D261}.Debug|Any CPU.Build.0 = Debug|Any CPU
		{07CC6B1A-B7F0-4B38-AA62-F0403F36D261}.Debug|x64.ActiveCfg = Debug|Any CPU
		{07CC6B1A-B7F0-4B38-AA62-F0403F36D261}.Debug|x64.Build.0 = Debug|Any CPU
		{07CC6B1A-B7F0-4B38-AA62-F0403F36D261}.Debug|x86.ActiveCfg = Debug|Any CPU
		{07CC6B1A-B7F0-4B38-AA62-F0403F36D261}.Debug|x86.Build.0 = Debug|Any CPU
		{07CC6B1A-B7F0-4B38-AA62-F0403F36D261}.Release|Any CPU.ActiveCfg = Release|Any CPU
		{07CC6B1A-B7F0-4B38-AA62-F0403F36D261}.Release|Any CPU.Build.0 = Release|Any CPU
		{07CC6B1A-B7F0-4B38-AA62-F0403F36D261}.Release|x64.ActiveCfg = Release|Any CPU
		{07CC6B1A-B7F0-4B38-AA62-F0403F36D261}.Release|x64.Build.0 = Release|Any CPU
		{07CC6B1A-B7F0-4B38-AA62-F0403F36D261}.Release|x86.ActiveCfg = Release|Any CPU
		{07CC6B1A-B7F0-4B38-AA62-F0403F36D261}.Release|x86.Build.0 = Release|Any CPU
		{4DB5C8BD-DAE4-48D5-A694-4074252A2A20}.Debug|Any CPU.ActiveCfg = Debug|Any CPU
		{4DB5C8BD-DAE4-48D5-A694-4074252A2A20}.Debug|Any CPU.Build.0 = Debug|Any CPU
		{4DB5C8BD-DAE4-48D5-A694-4074252A2A20}.Debug|x64.ActiveCfg = Debug|Any CPU
		{4DB5C8BD-DAE4-48D5-A694-4074252A2A20}.Debug|x64.Build.0 = Debug|Any CPU
		{4DB5C8BD-DAE4-48D5-A694-4074252A2A20}.Debug|x86.ActiveCfg = Debug|Any CPU
		{4DB5C8BD-DAE4-48D5-A694-4074252A2A20}.Debug|x86.Build.0 = Debug|Any CPU
		{4DB5C8BD-DAE4-48D5-A694-4074252A2A20}.Release|Any CPU.ActiveCfg = Release|Any CPU
		{4DB5C8BD-DAE4-48D5-A694-4074252A2A20}.Release|Any CPU.Build.0 = Release|Any CPU
		{4DB5C8BD-DAE4-48D5-A694-4074252A2A20}.Release|x64.ActiveCfg = Release|Any CPU
		{4DB5C8BD-DAE4-48D5-A694-4074252A2A20}.Release|x64.Build.0 = Release|Any CPU
		{4DB5C8BD-DAE4-48D5-A694-4074252A2A20}.Release|x86.ActiveCfg = Release|Any CPU
		{4DB5C8BD-DAE4-48D5-A694-4074252A2A20}.Release|x86.Build.0 = Release|Any CPU
		{C2715793-6BC1-4E84-B18A-C9AFE80AB2A8}.Debug|Any CPU.ActiveCfg = Debug|Any CPU
		{C2715793-6BC1-4E84-B18A-C9AFE80AB2A8}.Debug|Any CPU.Build.0 = Debug|Any CPU
		{C2715793-6BC1-4E84-B18A-C9AFE80AB2A8}.Debug|x64.ActiveCfg = Debug|Any CPU
		{C2715793-6BC1-4E84-B18A-C9AFE80AB2A8}.Debug|x64.Build.0 = Debug|Any CPU
		{C2715793-6BC1-4E84-B18A-C9AFE80AB2A8}.Debug|x86.ActiveCfg = Debug|Any CPU
		{C2715793-6BC1-4E84-B18A-C9AFE80AB2A8}.Debug|x86.Build.0 = Debug|Any CPU
		{C2715793-6BC1-4E84-B18A-C9AFE80AB2A8}.Release|Any CPU.ActiveCfg = Release|Any CPU
		{C2715793-6BC1-4E84-B18A-C9AFE80AB2A8}.Release|Any CPU.Build.0 = Release|Any CPU
		{C2715793-6BC1-4E84-B18A-C9AFE80AB2A8}.Release|x64.ActiveCfg = Release|Any CPU
		{C2715793-6BC1-4E84-B18A-C9AFE80AB2A8}.Release|x64.Build.0 = Release|Any CPU
		{C2715793-6BC1-4E84-B18A-C9AFE80AB2A8}.Release|x86.ActiveCfg = Release|Any CPU
		{C2715793-6BC1-4E84-B18A-C9AFE80AB2A8}.Release|x86.Build.0 = Release|Any CPU
		{6F84EECB-6CA5-449D-8E93-7006683563E2}.Debug|Any CPU.ActiveCfg = Debug|Any CPU
		{6F84EECB-6CA5-449D-8E93-7006683563E2}.Debug|Any CPU.Build.0 = Debug|Any CPU
		{6F84EECB-6CA5-449D-8E93-7006683563E2}.Debug|x64.ActiveCfg = Debug|Any CPU
		{6F84EECB-6CA5-449D-8E93-7006683563E2}.Debug|x64.Build.0 = Debug|Any CPU
		{6F84EECB-6CA5-449D-8E93-7006683563E2}.Debug|x86.ActiveCfg = Debug|Any CPU
		{6F84EECB-6CA5-449D-8E93-7006683563E2}.Debug|x86.Build.0 = Debug|Any CPU
		{6F84EECB-6CA5-449D-8E93-7006683563E2}.Release|Any CPU.ActiveCfg = Release|Any CPU
		{6F84EECB-6CA5-449D-8E93-7006683563E2}.Release|Any CPU.Build.0 = Release|Any CPU
		{6F84EECB-6CA5-449D-8E93-7006683563E2}.Release|x64.ActiveCfg = Release|Any CPU
		{6F84EECB-6CA5-449D-8E93-7006683563E2}.Release|x64.Build.0 = Release|Any CPU
		{6F84EECB-6CA5-449D-8E93-7006683563E2}.Release|x86.ActiveCfg = Release|Any CPU
		{6F84EECB-6CA5-449D-8E93-7006683563E2}.Release|x86.Build.0 = Release|Any CPU
		{30F4B4FF-E13B-41E0-8A08-1EDD3D0E5A11}.Debug|Any CPU.ActiveCfg = Debug|Any CPU
		{30F4B4FF-E13B-41E0-8A08-1EDD3D0E5A11}.Debug|Any CPU.Build.0 = Debug|Any CPU
		{30F4B4FF-E13B-41E0-8A08-1EDD3D0E5A11}.Debug|x64.ActiveCfg = Debug|Any CPU
		{30F4B4FF-E13B-41E0-8A08-1EDD3D0E5A11}.Debug|x64.Build.0 = Debug|Any CPU
		{30F4B4FF-E13B-41E0-8A08-1EDD3D0E5A11}.Debug|x86.ActiveCfg = Debug|Any CPU
		{30F4B4FF-E13B-41E0-8A08-1EDD3D0E5A11}.Debug|x86.Build.0 = Debug|Any CPU
		{30F4B4FF-E13B-41E0-8A08-1EDD3D0E5A11}.Release|Any CPU.ActiveCfg = Release|Any CPU
		{30F4B4FF-E13B-41E0-8A08-1EDD3D0E5A11}.Release|Any CPU.Build.0 = Release|Any CPU
		{30F4B4FF-E13B-41E0-8A08-1EDD3D0E5A11}.Release|x64.ActiveCfg = Release|Any CPU
		{30F4B4FF-E13B-41E0-8A08-1EDD3D0E5A11}.Release|x64.Build.0 = Release|Any CPU
		{30F4B4FF-E13B-41E0-8A08-1EDD3D0E5A11}.Release|x86.ActiveCfg = Release|Any CPU
		{30F4B4FF-E13B-41E0-8A08-1EDD3D0E5A11}.Release|x86.Build.0 = Release|Any CPU
		{84FF0A3A-6EB4-480B-98E7-299099E43597}.Debug|Any CPU.ActiveCfg = Debug|Any CPU
		{84FF0A3A-6EB4-480B-98E7-299099E43597}.Debug|Any CPU.Build.0 = Debug|Any CPU
		{84FF0A3A-6EB4-480B-98E7-299099E43597}.Debug|x64.ActiveCfg = Debug|Any CPU
		{84FF0A3A-6EB4-480B-98E7-299099E43597}.Debug|x64.Build.0 = Debug|Any CPU
		{84FF0A3A-6EB4-480B-98E7-299099E43597}.Debug|x86.ActiveCfg = Debug|Any CPU
		{84FF0A3A-6EB4-480B-98E7-299099E43597}.Debug|x86.Build.0 = Debug|Any CPU
		{84FF0A3A-6EB4-480B-98E7-299099E43597}.Release|Any CPU.ActiveCfg = Release|Any CPU
		{84FF0A3A-6EB4-480B-98E7-299099E43597}.Release|Any CPU.Build.0 = Release|Any CPU
		{84FF0A3A-6EB4-480B-98E7-299099E43597}.Release|x64.ActiveCfg = Release|Any CPU
		{84FF0A3A-6EB4-480B-98E7-299099E43597}.Release|x64.Build.0 = Release|Any CPU
		{84FF0A3A-6EB4-480B-98E7-299099E43597}.Release|x86.ActiveCfg = Release|Any CPU
		{84FF0A3A-6EB4-480B-98E7-299099E43597}.Release|x86.Build.0 = Release|Any CPU
		{EBBA6F10-A361-4D5A-BEB1-C94F16A75C0F}.Debug|Any CPU.ActiveCfg = Debug|Any CPU
		{EBBA6F10-A361-4D5A-BEB1-C94F16A75C0F}.Debug|Any CPU.Build.0 = Debug|Any CPU
		{EBBA6F10-A361-4D5A-BEB1-C94F16A75C0F}.Debug|x64.ActiveCfg = Debug|Any CPU
		{EBBA6F10-A361-4D5A-BEB1-C94F16A75C0F}.Debug|x64.Build.0 = Debug|Any CPU
		{EBBA6F10-A361-4D5A-BEB1-C94F16A75C0F}.Debug|x86.ActiveCfg = Debug|Any CPU
		{EBBA6F10-A361-4D5A-BEB1-C94F16A75C0F}.Debug|x86.Build.0 = Debug|Any CPU
		{EBBA6F10-A361-4D5A-BEB1-C94F16A75C0F}.Release|Any CPU.ActiveCfg = Release|Any CPU
		{EBBA6F10-A361-4D5A-BEB1-C94F16A75C0F}.Release|Any CPU.Build.0 = Release|Any CPU
		{EBBA6F10-A361-4D5A-BEB1-C94F16A75C0F}.Release|x64.ActiveCfg = Release|Any CPU
		{EBBA6F10-A361-4D5A-BEB1-C94F16A75C0F}.Release|x64.Build.0 = Release|Any CPU
		{EBBA6F10-A361-4D5A-BEB1-C94F16A75C0F}.Release|x86.ActiveCfg = Release|Any CPU
		{EBBA6F10-A361-4D5A-BEB1-C94F16A75C0F}.Release|x86.Build.0 = Release|Any CPU
		{358EFCBC-7347-424C-B631-7B229B14BFBA}.Debug|Any CPU.ActiveCfg = Debug|Any CPU
		{358EFCBC-7347-424C-B631-7B229B14BFBA}.Debug|Any CPU.Build.0 = Debug|Any CPU
		{358EFCBC-7347-424C-B631-7B229B14BFBA}.Debug|x64.ActiveCfg = Debug|Any CPU
		{358EFCBC-7347-424C-B631-7B229B14BFBA}.Debug|x64.Build.0 = Debug|Any CPU
		{358EFCBC-7347-424C-B631-7B229B14BFBA}.Debug|x86.ActiveCfg = Debug|Any CPU
		{358EFCBC-7347-424C-B631-7B229B14BFBA}.Debug|x86.Build.0 = Debug|Any CPU
		{358EFCBC-7347-424C-B631-7B229B14BFBA}.Release|Any CPU.ActiveCfg = Release|Any CPU
		{358EFCBC-7347-424C-B631-7B229B14BFBA}.Release|Any CPU.Build.0 = Release|Any CPU
		{358EFCBC-7347-424C-B631-7B229B14BFBA}.Release|x64.ActiveCfg = Release|Any CPU
		{358EFCBC-7347-424C-B631-7B229B14BFBA}.Release|x64.Build.0 = Release|Any CPU
		{358EFCBC-7347-424C-B631-7B229B14BFBA}.Release|x86.ActiveCfg = Release|Any CPU
		{358EFCBC-7347-424C-B631-7B229B14BFBA}.Release|x86.Build.0 = Release|Any CPU
		{09741F21-D538-4C0E-A589-6998D1696095}.Debug|Any CPU.ActiveCfg = Debug|Any CPU
		{09741F21-D538-4C0E-A589-6998D1696095}.Debug|Any CPU.Build.0 = Debug|Any CPU
		{09741F21-D538-4C0E-A589-6998D1696095}.Debug|x64.ActiveCfg = Debug|Any CPU
		{09741F21-D538-4C0E-A589-6998D1696095}.Debug|x64.Build.0 = Debug|Any CPU
		{09741F21-D538-4C0E-A589-6998D1696095}.Debug|x86.ActiveCfg = Debug|Any CPU
		{09741F21-D538-4C0E-A589-6998D1696095}.Debug|x86.Build.0 = Debug|Any CPU
		{09741F21-D538-4C0E-A589-6998D1696095}.Release|Any CPU.ActiveCfg = Release|Any CPU
		{09741F21-D538-4C0E-A589-6998D1696095}.Release|Any CPU.Build.0 = Release|Any CPU
		{09741F21-D538-4C0E-A589-6998D1696095}.Release|x64.ActiveCfg = Release|Any CPU
		{09741F21-D538-4C0E-A589-6998D1696095}.Release|x64.Build.0 = Release|Any CPU
		{09741F21-D538-4C0E-A589-6998D1696095}.Release|x86.ActiveCfg = Release|Any CPU
		{09741F21-D538-4C0E-A589-6998D1696095}.Release|x86.Build.0 = Release|Any CPU
		{979A14BC-2DBA-414D-A3E1-7FB603FC7A48}.Debug|Any CPU.ActiveCfg = Debug|Any CPU
		{979A14BC-2DBA-414D-A3E1-7FB603FC7A48}.Debug|Any CPU.Build.0 = Debug|Any CPU
		{979A14BC-2DBA-414D-A3E1-7FB603FC7A48}.Debug|x64.ActiveCfg = Debug|Any CPU
		{979A14BC-2DBA-414D-A3E1-7FB603FC7A48}.Debug|x64.Build.0 = Debug|Any CPU
		{979A14BC-2DBA-414D-A3E1-7FB603FC7A48}.Debug|x86.ActiveCfg = Debug|Any CPU
		{979A14BC-2DBA-414D-A3E1-7FB603FC7A48}.Debug|x86.Build.0 = Debug|Any CPU
		{979A14BC-2DBA-414D-A3E1-7FB603FC7A48}.Release|Any CPU.ActiveCfg = Release|Any CPU
		{979A14BC-2DBA-414D-A3E1-7FB603FC7A48}.Release|Any CPU.Build.0 = Release|Any CPU
		{979A14BC-2DBA-414D-A3E1-7FB603FC7A48}.Release|x64.ActiveCfg = Release|Any CPU
		{979A14BC-2DBA-414D-A3E1-7FB603FC7A48}.Release|x64.Build.0 = Release|Any CPU
		{979A14BC-2DBA-414D-A3E1-7FB603FC7A48}.Release|x86.ActiveCfg = Release|Any CPU
		{979A14BC-2DBA-414D-A3E1-7FB603FC7A48}.Release|x86.Build.0 = Release|Any CPU
		{7C2D4D65-805E-473C-ABEB-2DEF40B7D6FF}.Debug|Any CPU.ActiveCfg = Debug|Any CPU
		{7C2D4D65-805E-473C-ABEB-2DEF40B7D6FF}.Debug|Any CPU.Build.0 = Debug|Any CPU
		{7C2D4D65-805E-473C-ABEB-2DEF40B7D6FF}.Debug|x64.ActiveCfg = Debug|Any CPU
		{7C2D4D65-805E-473C-ABEB-2DEF40B7D6FF}.Debug|x64.Build.0 = Debug|Any CPU
		{7C2D4D65-805E-473C-ABEB-2DEF40B7D6FF}.Debug|x86.ActiveCfg = Debug|Any CPU
		{7C2D4D65-805E-473C-ABEB-2DEF40B7D6FF}.Debug|x86.Build.0 = Debug|Any CPU
		{7C2D4D65-805E-473C-ABEB-2DEF40B7D6FF}.Release|Any CPU.ActiveCfg = Release|Any CPU
		{7C2D4D65-805E-473C-ABEB-2DEF40B7D6FF}.Release|Any CPU.Build.0 = Release|Any CPU
		{7C2D4D65-805E-473C-ABEB-2DEF40B7D6FF}.Release|x64.ActiveCfg = Release|Any CPU
		{7C2D4D65-805E-473C-ABEB-2DEF40B7D6FF}.Release|x64.Build.0 = Release|Any CPU
		{7C2D4D65-805E-473C-ABEB-2DEF40B7D6FF}.Release|x86.ActiveCfg = Release|Any CPU
		{7C2D4D65-805E-473C-ABEB-2DEF40B7D6FF}.Release|x86.Build.0 = Release|Any CPU
		{62EAA838-BBEE-4A79-B542-0B0645787636}.Debug|Any CPU.ActiveCfg = Debug|Any CPU
		{62EAA838-BBEE-4A79-B542-0B0645787636}.Debug|Any CPU.Build.0 = Debug|Any CPU
		{62EAA838-BBEE-4A79-B542-0B0645787636}.Debug|x64.ActiveCfg = Debug|Any CPU
		{62EAA838-BBEE-4A79-B542-0B0645787636}.Debug|x64.Build.0 = Debug|Any CPU
		{62EAA838-BBEE-4A79-B542-0B0645787636}.Debug|x86.ActiveCfg = Debug|Any CPU
		{62EAA838-BBEE-4A79-B542-0B0645787636}.Debug|x86.Build.0 = Debug|Any CPU
		{62EAA838-BBEE-4A79-B542-0B0645787636}.Release|Any CPU.ActiveCfg = Release|Any CPU
		{62EAA838-BBEE-4A79-B542-0B0645787636}.Release|Any CPU.Build.0 = Release|Any CPU
		{62EAA838-BBEE-4A79-B542-0B0645787636}.Release|x64.ActiveCfg = Release|Any CPU
		{62EAA838-BBEE-4A79-B542-0B0645787636}.Release|x64.Build.0 = Release|Any CPU
		{62EAA838-BBEE-4A79-B542-0B0645787636}.Release|x86.ActiveCfg = Release|Any CPU
		{62EAA838-BBEE-4A79-B542-0B0645787636}.Release|x86.Build.0 = Release|Any CPU
		{AD2C5BC3-6B88-4402-8409-7E1E06AE6580}.Debug|Any CPU.ActiveCfg = Debug|Any CPU
		{AD2C5BC3-6B88-4402-8409-7E1E06AE6580}.Debug|Any CPU.Build.0 = Debug|Any CPU
		{AD2C5BC3-6B88-4402-8409-7E1E06AE6580}.Debug|x64.ActiveCfg = Debug|Any CPU
		{AD2C5BC3-6B88-4402-8409-7E1E06AE6580}.Debug|x64.Build.0 = Debug|Any CPU
		{AD2C5BC3-6B88-4402-8409-7E1E06AE6580}.Debug|x86.ActiveCfg = Debug|Any CPU
		{AD2C5BC3-6B88-4402-8409-7E1E06AE6580}.Debug|x86.Build.0 = Debug|Any CPU
		{AD2C5BC3-6B88-4402-8409-7E1E06AE6580}.Release|Any CPU.ActiveCfg = Release|Any CPU
		{AD2C5BC3-6B88-4402-8409-7E1E06AE6580}.Release|Any CPU.Build.0 = Release|Any CPU
		{AD2C5BC3-6B88-4402-8409-7E1E06AE6580}.Release|x64.ActiveCfg = Release|Any CPU
		{AD2C5BC3-6B88-4402-8409-7E1E06AE6580}.Release|x64.Build.0 = Release|Any CPU
		{AD2C5BC3-6B88-4402-8409-7E1E06AE6580}.Release|x86.ActiveCfg = Release|Any CPU
		{AD2C5BC3-6B88-4402-8409-7E1E06AE6580}.Release|x86.Build.0 = Release|Any CPU
		{CFD07D35-1C99-4B3D-AC7C-A501029BE795}.Debug|Any CPU.ActiveCfg = Debug|Any CPU
		{CFD07D35-1C99-4B3D-AC7C-A501029BE795}.Debug|Any CPU.Build.0 = Debug|Any CPU
		{CFD07D35-1C99-4B3D-AC7C-A501029BE795}.Debug|x64.ActiveCfg = Debug|Any CPU
		{CFD07D35-1C99-4B3D-AC7C-A501029BE795}.Debug|x64.Build.0 = Debug|Any CPU
		{CFD07D35-1C99-4B3D-AC7C-A501029BE795}.Debug|x86.ActiveCfg = Debug|Any CPU
		{CFD07D35-1C99-4B3D-AC7C-A501029BE795}.Debug|x86.Build.0 = Debug|Any CPU
		{CFD07D35-1C99-4B3D-AC7C-A501029BE795}.Release|Any CPU.ActiveCfg = Release|Any CPU
		{CFD07D35-1C99-4B3D-AC7C-A501029BE795}.Release|Any CPU.Build.0 = Release|Any CPU
		{CFD07D35-1C99-4B3D-AC7C-A501029BE795}.Release|x64.ActiveCfg = Release|Any CPU
		{CFD07D35-1C99-4B3D-AC7C-A501029BE795}.Release|x64.Build.0 = Release|Any CPU
		{CFD07D35-1C99-4B3D-AC7C-A501029BE795}.Release|x86.ActiveCfg = Release|Any CPU
		{CFD07D35-1C99-4B3D-AC7C-A501029BE795}.Release|x86.Build.0 = Release|Any CPU
		{ED577BA6-020B-4670-A37F-7178D2AF83C0}.Debug|Any CPU.ActiveCfg = Debug|Any CPU
		{ED577BA6-020B-4670-A37F-7178D2AF83C0}.Debug|Any CPU.Build.0 = Debug|Any CPU
		{ED577BA6-020B-4670-A37F-7178D2AF83C0}.Debug|x64.ActiveCfg = Debug|Any CPU
		{ED577BA6-020B-4670-A37F-7178D2AF83C0}.Debug|x64.Build.0 = Debug|Any CPU
		{ED577BA6-020B-4670-A37F-7178D2AF83C0}.Debug|x86.ActiveCfg = Debug|Any CPU
		{ED577BA6-020B-4670-A37F-7178D2AF83C0}.Debug|x86.Build.0 = Debug|Any CPU
		{ED577BA6-020B-4670-A37F-7178D2AF83C0}.Release|Any CPU.ActiveCfg = Release|Any CPU
		{ED577BA6-020B-4670-A37F-7178D2AF83C0}.Release|Any CPU.Build.0 = Release|Any CPU
		{ED577BA6-020B-4670-A37F-7178D2AF83C0}.Release|x64.ActiveCfg = Release|Any CPU
		{ED577BA6-020B-4670-A37F-7178D2AF83C0}.Release|x64.Build.0 = Release|Any CPU
		{ED577BA6-020B-4670-A37F-7178D2AF83C0}.Release|x86.ActiveCfg = Release|Any CPU
		{ED577BA6-020B-4670-A37F-7178D2AF83C0}.Release|x86.Build.0 = Release|Any CPU
		{42AFD4AF-236E-452E-8F32-1F75EFFF9452}.Debug|Any CPU.ActiveCfg = Debug|Any CPU
		{42AFD4AF-236E-452E-8F32-1F75EFFF9452}.Debug|Any CPU.Build.0 = Debug|Any CPU
		{42AFD4AF-236E-452E-8F32-1F75EFFF9452}.Debug|x64.ActiveCfg = Debug|Any CPU
		{42AFD4AF-236E-452E-8F32-1F75EFFF9452}.Debug|x64.Build.0 = Debug|Any CPU
		{42AFD4AF-236E-452E-8F32-1F75EFFF9452}.Debug|x86.ActiveCfg = Debug|Any CPU
		{42AFD4AF-236E-452E-8F32-1F75EFFF9452}.Debug|x86.Build.0 = Debug|Any CPU
		{42AFD4AF-236E-452E-8F32-1F75EFFF9452}.Release|Any CPU.ActiveCfg = Release|Any CPU
		{42AFD4AF-236E-452E-8F32-1F75EFFF9452}.Release|Any CPU.Build.0 = Release|Any CPU
		{42AFD4AF-236E-452E-8F32-1F75EFFF9452}.Release|x64.ActiveCfg = Release|Any CPU
		{42AFD4AF-236E-452E-8F32-1F75EFFF9452}.Release|x64.Build.0 = Release|Any CPU
		{42AFD4AF-236E-452E-8F32-1F75EFFF9452}.Release|x86.ActiveCfg = Release|Any CPU
		{42AFD4AF-236E-452E-8F32-1F75EFFF9452}.Release|x86.Build.0 = Release|Any CPU
		{C847AAD6-2EBF-4B30-AD16-A0598F81BE49}.Debug|Any CPU.ActiveCfg = Debug|Any CPU
		{C847AAD6-2EBF-4B30-AD16-A0598F81BE49}.Debug|Any CPU.Build.0 = Debug|Any CPU
		{C847AAD6-2EBF-4B30-AD16-A0598F81BE49}.Debug|x64.ActiveCfg = Debug|Any CPU
		{C847AAD6-2EBF-4B30-AD16-A0598F81BE49}.Debug|x64.Build.0 = Debug|Any CPU
		{C847AAD6-2EBF-4B30-AD16-A0598F81BE49}.Debug|x86.ActiveCfg = Debug|Any CPU
		{C847AAD6-2EBF-4B30-AD16-A0598F81BE49}.Debug|x86.Build.0 = Debug|Any CPU
		{C847AAD6-2EBF-4B30-AD16-A0598F81BE49}.Release|Any CPU.ActiveCfg = Release|Any CPU
		{C847AAD6-2EBF-4B30-AD16-A0598F81BE49}.Release|Any CPU.Build.0 = Release|Any CPU
		{C847AAD6-2EBF-4B30-AD16-A0598F81BE49}.Release|x64.ActiveCfg = Release|Any CPU
		{C847AAD6-2EBF-4B30-AD16-A0598F81BE49}.Release|x64.Build.0 = Release|Any CPU
		{C847AAD6-2EBF-4B30-AD16-A0598F81BE49}.Release|x86.ActiveCfg = Release|Any CPU
		{C847AAD6-2EBF-4B30-AD16-A0598F81BE49}.Release|x86.Build.0 = Release|Any CPU
		{E428F4D0-5E2C-4361-9829-684C91B0C088}.Debug|Any CPU.ActiveCfg = Debug|Any CPU
		{E428F4D0-5E2C-4361-9829-684C91B0C088}.Debug|Any CPU.Build.0 = Debug|Any CPU
		{E428F4D0-5E2C-4361-9829-684C91B0C088}.Debug|x64.ActiveCfg = Debug|Any CPU
		{E428F4D0-5E2C-4361-9829-684C91B0C088}.Debug|x64.Build.0 = Debug|Any CPU
		{E428F4D0-5E2C-4361-9829-684C91B0C088}.Debug|x86.ActiveCfg = Debug|Any CPU
		{E428F4D0-5E2C-4361-9829-684C91B0C088}.Debug|x86.Build.0 = Debug|Any CPU
		{E428F4D0-5E2C-4361-9829-684C91B0C088}.Release|Any CPU.ActiveCfg = Release|Any CPU
		{E428F4D0-5E2C-4361-9829-684C91B0C088}.Release|Any CPU.Build.0 = Release|Any CPU
		{E428F4D0-5E2C-4361-9829-684C91B0C088}.Release|x64.ActiveCfg = Release|Any CPU
		{E428F4D0-5E2C-4361-9829-684C91B0C088}.Release|x64.Build.0 = Release|Any CPU
		{E428F4D0-5E2C-4361-9829-684C91B0C088}.Release|x86.ActiveCfg = Release|Any CPU
		{E428F4D0-5E2C-4361-9829-684C91B0C088}.Release|x86.Build.0 = Release|Any CPU
		{F3FAD9E2-FA5D-4BB2-8EA9-15E2138008F6}.Debug|Any CPU.ActiveCfg = Debug|Any CPU
		{F3FAD9E2-FA5D-4BB2-8EA9-15E2138008F6}.Debug|Any CPU.Build.0 = Debug|Any CPU
		{F3FAD9E2-FA5D-4BB2-8EA9-15E2138008F6}.Debug|x64.ActiveCfg = Debug|Any CPU
		{F3FAD9E2-FA5D-4BB2-8EA9-15E2138008F6}.Debug|x64.Build.0 = Debug|Any CPU
		{F3FAD9E2-FA5D-4BB2-8EA9-15E2138008F6}.Debug|x86.ActiveCfg = Debug|Any CPU
		{F3FAD9E2-FA5D-4BB2-8EA9-15E2138008F6}.Debug|x86.Build.0 = Debug|Any CPU
		{F3FAD9E2-FA5D-4BB2-8EA9-15E2138008F6}.Release|Any CPU.ActiveCfg = Release|Any CPU
		{F3FAD9E2-FA5D-4BB2-8EA9-15E2138008F6}.Release|Any CPU.Build.0 = Release|Any CPU
		{F3FAD9E2-FA5D-4BB2-8EA9-15E2138008F6}.Release|x64.ActiveCfg = Release|Any CPU
		{F3FAD9E2-FA5D-4BB2-8EA9-15E2138008F6}.Release|x64.Build.0 = Release|Any CPU
		{F3FAD9E2-FA5D-4BB2-8EA9-15E2138008F6}.Release|x86.ActiveCfg = Release|Any CPU
		{F3FAD9E2-FA5D-4BB2-8EA9-15E2138008F6}.Release|x86.Build.0 = Release|Any CPU
		{08D11576-DD88-4ED5-BBFC-AAB987F0560F}.Debug|Any CPU.ActiveCfg = Debug|Any CPU
		{08D11576-DD88-4ED5-BBFC-AAB987F0560F}.Debug|Any CPU.Build.0 = Debug|Any CPU
		{08D11576-DD88-4ED5-BBFC-AAB987F0560F}.Debug|x64.ActiveCfg = Debug|Any CPU
		{08D11576-DD88-4ED5-BBFC-AAB987F0560F}.Debug|x64.Build.0 = Debug|Any CPU
		{08D11576-DD88-4ED5-BBFC-AAB987F0560F}.Debug|x86.ActiveCfg = Debug|Any CPU
		{08D11576-DD88-4ED5-BBFC-AAB987F0560F}.Debug|x86.Build.0 = Debug|Any CPU
		{08D11576-DD88-4ED5-BBFC-AAB987F0560F}.Release|Any CPU.ActiveCfg = Release|Any CPU
		{08D11576-DD88-4ED5-BBFC-AAB987F0560F}.Release|Any CPU.Build.0 = Release|Any CPU
		{08D11576-DD88-4ED5-BBFC-AAB987F0560F}.Release|x64.ActiveCfg = Release|Any CPU
		{08D11576-DD88-4ED5-BBFC-AAB987F0560F}.Release|x64.Build.0 = Release|Any CPU
		{08D11576-DD88-4ED5-BBFC-AAB987F0560F}.Release|x86.ActiveCfg = Release|Any CPU
		{08D11576-DD88-4ED5-BBFC-AAB987F0560F}.Release|x86.Build.0 = Release|Any CPU
		{D33835FB-5853-4D91-A5B2-000EE2499A48}.Debug|Any CPU.ActiveCfg = Debug|Any CPU
		{D33835FB-5853-4D91-A5B2-000EE2499A48}.Debug|Any CPU.Build.0 = Debug|Any CPU
		{D33835FB-5853-4D91-A5B2-000EE2499A48}.Debug|x64.ActiveCfg = Debug|Any CPU
		{D33835FB-5853-4D91-A5B2-000EE2499A48}.Debug|x64.Build.0 = Debug|Any CPU
		{D33835FB-5853-4D91-A5B2-000EE2499A48}.Debug|x86.ActiveCfg = Debug|Any CPU
		{D33835FB-5853-4D91-A5B2-000EE2499A48}.Debug|x86.Build.0 = Debug|Any CPU
		{D33835FB-5853-4D91-A5B2-000EE2499A48}.Release|Any CPU.ActiveCfg = Release|Any CPU
		{D33835FB-5853-4D91-A5B2-000EE2499A48}.Release|Any CPU.Build.0 = Release|Any CPU
		{D33835FB-5853-4D91-A5B2-000EE2499A48}.Release|x64.ActiveCfg = Release|Any CPU
		{D33835FB-5853-4D91-A5B2-000EE2499A48}.Release|x64.Build.0 = Release|Any CPU
		{D33835FB-5853-4D91-A5B2-000EE2499A48}.Release|x86.ActiveCfg = Release|Any CPU
		{D33835FB-5853-4D91-A5B2-000EE2499A48}.Release|x86.Build.0 = Release|Any CPU
		{1819F25D-3165-456F-91F9-D8F0B79C48ED}.Debug|Any CPU.ActiveCfg = Debug|Any CPU
		{1819F25D-3165-456F-91F9-D8F0B79C48ED}.Debug|Any CPU.Build.0 = Debug|Any CPU
		{1819F25D-3165-456F-91F9-D8F0B79C48ED}.Debug|x64.ActiveCfg = Debug|Any CPU
		{1819F25D-3165-456F-91F9-D8F0B79C48ED}.Debug|x64.Build.0 = Debug|Any CPU
		{1819F25D-3165-456F-91F9-D8F0B79C48ED}.Debug|x86.ActiveCfg = Debug|Any CPU
		{1819F25D-3165-456F-91F9-D8F0B79C48ED}.Debug|x86.Build.0 = Debug|Any CPU
		{1819F25D-3165-456F-91F9-D8F0B79C48ED}.Release|Any CPU.ActiveCfg = Release|Any CPU
		{1819F25D-3165-456F-91F9-D8F0B79C48ED}.Release|Any CPU.Build.0 = Release|Any CPU
		{1819F25D-3165-456F-91F9-D8F0B79C48ED}.Release|x64.ActiveCfg = Release|Any CPU
		{1819F25D-3165-456F-91F9-D8F0B79C48ED}.Release|x64.Build.0 = Release|Any CPU
		{1819F25D-3165-456F-91F9-D8F0B79C48ED}.Release|x86.ActiveCfg = Release|Any CPU
		{1819F25D-3165-456F-91F9-D8F0B79C48ED}.Release|x86.Build.0 = Release|Any CPU
		{6ED0BEB8-DFCB-4367-8B93-A1CAF6CB13BA}.Debug|Any CPU.ActiveCfg = Debug|Any CPU
		{6ED0BEB8-DFCB-4367-8B93-A1CAF6CB13BA}.Debug|Any CPU.Build.0 = Debug|Any CPU
		{6ED0BEB8-DFCB-4367-8B93-A1CAF6CB13BA}.Debug|x64.ActiveCfg = Debug|Any CPU
		{6ED0BEB8-DFCB-4367-8B93-A1CAF6CB13BA}.Debug|x64.Build.0 = Debug|Any CPU
		{6ED0BEB8-DFCB-4367-8B93-A1CAF6CB13BA}.Debug|x86.ActiveCfg = Debug|Any CPU
		{6ED0BEB8-DFCB-4367-8B93-A1CAF6CB13BA}.Debug|x86.Build.0 = Debug|Any CPU
		{6ED0BEB8-DFCB-4367-8B93-A1CAF6CB13BA}.Release|Any CPU.ActiveCfg = Release|Any CPU
		{6ED0BEB8-DFCB-4367-8B93-A1CAF6CB13BA}.Release|Any CPU.Build.0 = Release|Any CPU
		{6ED0BEB8-DFCB-4367-8B93-A1CAF6CB13BA}.Release|x64.ActiveCfg = Release|Any CPU
		{6ED0BEB8-DFCB-4367-8B93-A1CAF6CB13BA}.Release|x64.Build.0 = Release|Any CPU
		{6ED0BEB8-DFCB-4367-8B93-A1CAF6CB13BA}.Release|x86.ActiveCfg = Release|Any CPU
		{6ED0BEB8-DFCB-4367-8B93-A1CAF6CB13BA}.Release|x86.Build.0 = Release|Any CPU
		{43F32029-5E3D-4081-B7CE-ABA7F56BA792}.Debug|Any CPU.ActiveCfg = Debug|Any CPU
		{43F32029-5E3D-4081-B7CE-ABA7F56BA792}.Debug|Any CPU.Build.0 = Debug|Any CPU
		{43F32029-5E3D-4081-B7CE-ABA7F56BA792}.Debug|x64.ActiveCfg = Debug|Any CPU
		{43F32029-5E3D-4081-B7CE-ABA7F56BA792}.Debug|x64.Build.0 = Debug|Any CPU
		{43F32029-5E3D-4081-B7CE-ABA7F56BA792}.Debug|x86.ActiveCfg = Debug|Any CPU
		{43F32029-5E3D-4081-B7CE-ABA7F56BA792}.Debug|x86.Build.0 = Debug|Any CPU
		{43F32029-5E3D-4081-B7CE-ABA7F56BA792}.Release|Any CPU.ActiveCfg = Release|Any CPU
		{43F32029-5E3D-4081-B7CE-ABA7F56BA792}.Release|Any CPU.Build.0 = Release|Any CPU
		{43F32029-5E3D-4081-B7CE-ABA7F56BA792}.Release|x64.ActiveCfg = Release|Any CPU
		{43F32029-5E3D-4081-B7CE-ABA7F56BA792}.Release|x64.Build.0 = Release|Any CPU
		{43F32029-5E3D-4081-B7CE-ABA7F56BA792}.Release|x86.ActiveCfg = Release|Any CPU
		{43F32029-5E3D-4081-B7CE-ABA7F56BA792}.Release|x86.Build.0 = Release|Any CPU
		{2D356984-F774-4617-BCD1-2B7602743E51}.Debug|Any CPU.ActiveCfg = Debug|Any CPU
		{2D356984-F774-4617-BCD1-2B7602743E51}.Debug|Any CPU.Build.0 = Debug|Any CPU
		{2D356984-F774-4617-BCD1-2B7602743E51}.Debug|x64.ActiveCfg = Debug|Any CPU
		{2D356984-F774-4617-BCD1-2B7602743E51}.Debug|x64.Build.0 = Debug|Any CPU
		{2D356984-F774-4617-BCD1-2B7602743E51}.Debug|x86.ActiveCfg = Debug|Any CPU
		{2D356984-F774-4617-BCD1-2B7602743E51}.Debug|x86.Build.0 = Debug|Any CPU
		{2D356984-F774-4617-BCD1-2B7602743E51}.Release|Any CPU.ActiveCfg = Release|Any CPU
		{2D356984-F774-4617-BCD1-2B7602743E51}.Release|Any CPU.Build.0 = Release|Any CPU
		{2D356984-F774-4617-BCD1-2B7602743E51}.Release|x64.ActiveCfg = Release|Any CPU
		{2D356984-F774-4617-BCD1-2B7602743E51}.Release|x64.Build.0 = Release|Any CPU
		{2D356984-F774-4617-BCD1-2B7602743E51}.Release|x86.ActiveCfg = Release|Any CPU
		{2D356984-F774-4617-BCD1-2B7602743E51}.Release|x86.Build.0 = Release|Any CPU
	EndGlobalSection
	GlobalSection(SolutionProperties) = preSolution
		HideSolutionNode = FALSE
	EndGlobalSection
	GlobalSection(NestedProjects) = preSolution
		{90298CBA-BD6F-3A0A-69D5-97CAD7B05E7E} = {827E0CD3-B72D-47B6-A68D-7590B98EB39B}
		{12B0CD57-88AF-4B38-BB90-652F05B20738} = {90298CBA-BD6F-3A0A-69D5-97CAD7B05E7E}
		{06B8148A-212B-46F8-ADB5-948240B05871} = {90298CBA-BD6F-3A0A-69D5-97CAD7B05E7E}
		{8E3F4689-F791-47BB-8363-7103C4F21ADD} = {90298CBA-BD6F-3A0A-69D5-97CAD7B05E7E}
		{B0DDC98E-478E-4293-826A-FD97EB523E08} = {90298CBA-BD6F-3A0A-69D5-97CAD7B05E7E}
		{4DF80442-A1E5-CC28-AE7B-27B5F9BFE52B} = {827E0CD3-B72D-47B6-A68D-7590B98EB39B}
		{9AF716DD-5E32-40B5-A7A9-7710065E6335} = {4DF80442-A1E5-CC28-AE7B-27B5F9BFE52B}
		{CD2FD2C8-7CC2-40CE-BDF1-3929F905C1B2} = {4DF80442-A1E5-CC28-AE7B-27B5F9BFE52B}
		{63882A7C-90E5-DEE3-63BB-E6ABDBC8A365} = {827E0CD3-B72D-47B6-A68D-7590B98EB39B}
		{EDA68359-5949-4630-BBE2-4FED97EC0E8F} = {63882A7C-90E5-DEE3-63BB-E6ABDBC8A365}
		{289B5B74-5E74-42CF-82E0-BD939C7D78F0} = {0AB3BF05-4346-4AA6-1389-037BE0695223}
		{AD3136F1-6676-2AF3-8A96-F3C6585F1CB9} = {0AB3BF05-4346-4AA6-1389-037BE0695223}
		{8E14C795-7854-44E1-9681-C6363736BA5D} = {AD3136F1-6676-2AF3-8A96-F3C6585F1CB9}
		{ABBF168F-79A1-4333-8057-58424800A7EF} = {AD3136F1-6676-2AF3-8A96-F3C6585F1CB9}
		{4683679E-46CC-4E77-8DD9-309DD13E893D} = {AD3136F1-6676-2AF3-8A96-F3C6585F1CB9}
		{AE3EFDE4-4D9B-4E3A-8031-682E79CB766B} = {AD3136F1-6676-2AF3-8A96-F3C6585F1CB9}
		{0BBE7088-7CBC-971A-0DFF-8D023E1EA1B7} = {0AB3BF05-4346-4AA6-1389-037BE0695223}
		{07CC6B1A-B7F0-4B38-AA62-F0403F36D261} = {0BBE7088-7CBC-971A-0DFF-8D023E1EA1B7}
		{4DB5C8BD-DAE4-48D5-A694-4074252A2A20} = {0BBE7088-7CBC-971A-0DFF-8D023E1EA1B7}
		{DCB6FCB8-FF92-AC57-0842-1F72A354D6B1} = {827E0CD3-B72D-47B6-A68D-7590B98EB39B}
		{C2715793-6BC1-4E84-B18A-C9AFE80AB2A8} = {DCB6FCB8-FF92-AC57-0842-1F72A354D6B1}
		{EC447DCF-ABFA-6E24-52A5-D7FD48A5C558} = {827E0CD3-B72D-47B6-A68D-7590B98EB39B}
		{02D216FA-6726-7BFF-78B2-9748449FB8B0} = {EC447DCF-ABFA-6E24-52A5-D7FD48A5C558}
		{6F84EECB-6CA5-449D-8E93-7006683563E2} = {02D216FA-6726-7BFF-78B2-9748449FB8B0}
		{18C073E0-6CB1-4693-3636-BFEE619A6192} = {EC447DCF-ABFA-6E24-52A5-D7FD48A5C558}
		{30F4B4FF-E13B-41E0-8A08-1EDD3D0E5A11} = {18C073E0-6CB1-4693-3636-BFEE619A6192}
		{A7AEB7AB-BB7A-943E-14BF-27E7782511F4} = {EC447DCF-ABFA-6E24-52A5-D7FD48A5C558}
		{84FF0A3A-6EB4-480B-98E7-299099E43597} = {A7AEB7AB-BB7A-943E-14BF-27E7782511F4}
		{D7DC9B74-6BC4-2470-2038-1E57C2DCB73B} = {0AB3BF05-4346-4AA6-1389-037BE0695223}
		{EBBA6F10-A361-4D5A-BEB1-C94F16A75C0F} = {D7DC9B74-6BC4-2470-2038-1E57C2DCB73B}
		{358EFCBC-7347-424C-B631-7B229B14BFBA} = {02D216FA-6726-7BFF-78B2-9748449FB8B0}
		{1520C2A3-5E99-CAA8-BF2C-EF2D430EFE7E} = {D7DC9B74-6BC4-2470-2038-1E57C2DCB73B}
		{09741F21-D538-4C0E-A589-6998D1696095} = {1520C2A3-5E99-CAA8-BF2C-EF2D430EFE7E}
		{979A14BC-2DBA-414D-A3E1-7FB603FC7A48} = {02D216FA-6726-7BFF-78B2-9748449FB8B0}
		{7C2D4D65-805E-473C-ABEB-2DEF40B7D6FF} = {02D216FA-6726-7BFF-78B2-9748449FB8B0}
		{62EAA838-BBEE-4A79-B542-0B0645787636} = {02D216FA-6726-7BFF-78B2-9748449FB8B0}
		{AD2C5BC3-6B88-4402-8409-7E1E06AE6580} = {1520C2A3-5E99-CAA8-BF2C-EF2D430EFE7E}
		{CFD07D35-1C99-4B3D-AC7C-A501029BE795} = {18C073E0-6CB1-4693-3636-BFEE619A6192}
		{9B664C3C-0C46-8BCE-F820-11B84049BC29} = {D7DC9B74-6BC4-2470-2038-1E57C2DCB73B}
		{ED577BA6-020B-4670-A37F-7178D2AF83C0} = {9B664C3C-0C46-8BCE-F820-11B84049BC29}
		{42AFD4AF-236E-452E-8F32-1F75EFFF9452} = {18C073E0-6CB1-4693-3636-BFEE619A6192}
		{C847AAD6-2EBF-4B30-AD16-A0598F81BE49} = {18C073E0-6CB1-4693-3636-BFEE619A6192}
		{E428F4D0-5E2C-4361-9829-684C91B0C088} = {18C073E0-6CB1-4693-3636-BFEE619A6192}
		{F3FAD9E2-FA5D-4BB2-8EA9-15E2138008F6} = {9B664C3C-0C46-8BCE-F820-11B84049BC29}
		{08D11576-DD88-4ED5-BBFC-AAB987F0560F} = {A7AEB7AB-BB7A-943E-14BF-27E7782511F4}
		{EE06B058-82DC-D17A-47C3-203396249430} = {D7DC9B74-6BC4-2470-2038-1E57C2DCB73B}
		{D33835FB-5853-4D91-A5B2-000EE2499A48} = {EE06B058-82DC-D17A-47C3-203396249430}
		{1819F25D-3165-456F-91F9-D8F0B79C48ED} = {A7AEB7AB-BB7A-943E-14BF-27E7782511F4}
		{6ED0BEB8-DFCB-4367-8B93-A1CAF6CB13BA} = {A7AEB7AB-BB7A-943E-14BF-27E7782511F4}
		{43F32029-5E3D-4081-B7CE-ABA7F56BA792} = {A7AEB7AB-BB7A-943E-14BF-27E7782511F4}
		{2D356984-F774-4617-BCD1-2B7602743E51} = {EE06B058-82DC-D17A-47C3-203396249430}
	EndGlobalSection
EndGlobal
